// !$*UTF8*$!
{
	archiveVersion = 1;
	classes = {
	};
	objectVersion = 50;
	objects = {

/* Begin PBXBuildFile section */
		4206B2E2B31D3371B1A5F47D /* Pods_Flappy_Dev.framework in Frameworks */ = {isa = PBXBuildFile; fileRef = 0000FB2B7EF3AE0F42AADF03 /* Pods_Flappy_Dev.framework */; };
		605A160C22B5AEDB008A7AFD /* AnalyticsManager.swift in Sources */ = {isa = PBXBuildFile; fileRef = 605A160B22B5AEDB008A7AFD /* AnalyticsManager.swift */; };
		6067812822AB0A830036A5FC /* AdConstants.swift in Sources */ = {isa = PBXBuildFile; fileRef = 6067812722AB0A830036A5FC /* AdConstants.swift */; };
		6067813322AC81F90036A5FC /* Fipps-Regular.otf in Resources */ = {isa = PBXBuildFile; fileRef = 6067813222AC81F80036A5FC /* Fipps-Regular.otf */; };
		60924F6D22BFF9F90004796A /* URLLoader.swift in Sources */ = {isa = PBXBuildFile; fileRef = 60924F6C22BFF9F90004796A /* URLLoader.swift */; };
		60924F6E22BFF9F90004796A /* URLLoader.swift in Sources */ = {isa = PBXBuildFile; fileRef = 60924F6C22BFF9F90004796A /* URLLoader.swift */; };
		6092CB4D22B0B56600D9480B /* AdPresentor.swift in Sources */ = {isa = PBXBuildFile; fileRef = 6092CB4C22B0B56600D9480B /* AdPresentor.swift */; };
		60961B7022B6DEDC0070160A /* ShareManager.swift in Sources */ = {isa = PBXBuildFile; fileRef = 60961B6F22B6DEDC0070160A /* ShareManager.swift */; };
		60CF33CD22D41ED8001E4760 /* CoreGraphics.framework in Frameworks */ = {isa = PBXBuildFile; fileRef = 60CF33CC22D41ED7001E4760 /* CoreGraphics.framework */; };
		60CF33CF22D41EE1001E4760 /* UIKit.framework in Frameworks */ = {isa = PBXBuildFile; fileRef = 60CF33CE22D41EE1001E4760 /* UIKit.framework */; };
		C61E55C022DA979900010550 /* GameCenter.swift in Sources */ = {isa = PBXBuildFile; fileRef = C61E55BF22DA979900010550 /* GameCenter.swift */; };
		C61E55C122DA97BF00010550 /* GameCenter.swift in Sources */ = {isa = PBXBuildFile; fileRef = C61E55BF22DA979900010550 /* GameCenter.swift */; };
		C61E55C322DA9BC300010550 /* GameKit.framework in Frameworks */ = {isa = PBXBuildFile; fileRef = C61E55C222DA9BC300010550 /* GameKit.framework */; };
		C61E55C422DA9BD800010550 /* GameKit.framework in Frameworks */ = {isa = PBXBuildFile; fileRef = C61E55C222DA9BC300010550 /* GameKit.framework */; };
		C61E55C722DB650A00010550 /* PushNotifications.swift in Sources */ = {isa = PBXBuildFile; fileRef = C61E55C622DB650A00010550 /* PushNotifications.swift */; };
		C61E55C822DB675D00010550 /* PushNotifications.swift in Sources */ = {isa = PBXBuildFile; fileRef = C61E55C622DB650A00010550 /* PushNotifications.swift */; };
		C626522022AA9C1400720FE0 /* HapticManager.swift in Sources */ = {isa = PBXBuildFile; fileRef = C626521F22AA9C1400720FE0 /* HapticManager.swift */; };
		C626522222AA9CDD00720FE0 /* WebViewInteropProvider.swift in Sources */ = {isa = PBXBuildFile; fileRef = C626522122AA9CDD00720FE0 /* WebViewInteropProvider.swift */; };
		C6309E4722AD1FFE00D0E0E1 /* AppStoreReviewer.swift in Sources */ = {isa = PBXBuildFile; fileRef = C6309E4622AD1FFE00D0E0E1 /* AppStoreReviewer.swift */; };
		C64C01C922B9068D0037150D /* GoogleService-Info.plist in Resources */ = {isa = PBXBuildFile; fileRef = C64C01C822B9068D0037150D /* GoogleService-Info.plist */; };
		C653149121EE7BB80068609E /* AppDelegate.swift in Sources */ = {isa = PBXBuildFile; fileRef = C653149021EE7BB80068609E /* AppDelegate.swift */; };
		C653149321EE7BB80068609E /* ViewController.swift in Sources */ = {isa = PBXBuildFile; fileRef = C653149221EE7BB80068609E /* ViewController.swift */; };
		C653149621EE7BB80068609E /* Main.storyboard in Resources */ = {isa = PBXBuildFile; fileRef = C653149421EE7BB80068609E /* Main.storyboard */; };
		C653149821EE7BBA0068609E /* Assets.xcassets in Resources */ = {isa = PBXBuildFile; fileRef = C653149721EE7BBA0068609E /* Assets.xcassets */; };
		C653149B21EE7BBA0068609E /* LaunchScreen.storyboard in Resources */ = {isa = PBXBuildFile; fileRef = C653149921EE7BBA0068609E /* LaunchScreen.storyboard */; };
		C6557C4422BA3EF300F78E06 /* FlappyRoyaleUITests.swift in Sources */ = {isa = PBXBuildFile; fileRef = C6557C4322BA3EF300F78E06 /* FlappyRoyaleUITests.swift */; };
		C6557C4C22BA3F5900F78E06 /* SnapshotHelper.swift in Sources */ = {isa = PBXBuildFile; fileRef = C6557C4B22BA3F5900F78E06 /* SnapshotHelper.swift */; };
		C6BA850522BE7AE500BCBCC6 /* AdPresentor.swift in Sources */ = {isa = PBXBuildFile; fileRef = 6092CB4C22B0B56600D9480B /* AdPresentor.swift */; };
		C6BA850622BE7AE500BCBCC6 /* WebViewInteropProvider.swift in Sources */ = {isa = PBXBuildFile; fileRef = C626522122AA9CDD00720FE0 /* WebViewInteropProvider.swift */; };
		C6BA850722BE7AE500BCBCC6 /* AdConstants.swift in Sources */ = {isa = PBXBuildFile; fileRef = 6067812722AB0A830036A5FC /* AdConstants.swift */; };
		C6BA850822BE7AE500BCBCC6 /* ShareManager.swift in Sources */ = {isa = PBXBuildFile; fileRef = 60961B6F22B6DEDC0070160A /* ShareManager.swift */; };
		C6BA850922BE7AE500BCBCC6 /* ViewController.swift in Sources */ = {isa = PBXBuildFile; fileRef = C653149221EE7BB80068609E /* ViewController.swift */; };
		C6BA850A22BE7AE500BCBCC6 /* AnalyticsManager.swift in Sources */ = {isa = PBXBuildFile; fileRef = 605A160B22B5AEDB008A7AFD /* AnalyticsManager.swift */; };
		C6BA850B22BE7AE500BCBCC6 /* AppStoreReviewer.swift in Sources */ = {isa = PBXBuildFile; fileRef = C6309E4622AD1FFE00D0E0E1 /* AppStoreReviewer.swift */; };
		C6BA850C22BE7AE500BCBCC6 /* HapticManager.swift in Sources */ = {isa = PBXBuildFile; fileRef = C626521F22AA9C1400720FE0 /* HapticManager.swift */; };
		C6BA850D22BE7AE500BCBCC6 /* AppDelegate.swift in Sources */ = {isa = PBXBuildFile; fileRef = C653149021EE7BB80068609E /* AppDelegate.swift */; };
		C6BA851122BE7AE500BCBCC6 /* LaunchScreen.storyboard in Resources */ = {isa = PBXBuildFile; fileRef = C653149921EE7BBA0068609E /* LaunchScreen.storyboard */; };
		C6BA851222BE7AE500BCBCC6 /* Fipps-Regular.otf in Resources */ = {isa = PBXBuildFile; fileRef = 6067813222AC81F80036A5FC /* Fipps-Regular.otf */; };
		C6BA851322BE7AE500BCBCC6 /* GoogleService-Info.plist in Resources */ = {isa = PBXBuildFile; fileRef = C64C01C822B9068D0037150D /* GoogleService-Info.plist */; };
		C6BA851422BE7AE500BCBCC6 /* Assets.xcassets in Resources */ = {isa = PBXBuildFile; fileRef = C653149721EE7BBA0068609E /* Assets.xcassets */; };
		C6BA851522BE7AE500BCBCC6 /* Main.storyboard in Resources */ = {isa = PBXBuildFile; fileRef = C653149421EE7BB80068609E /* Main.storyboard */; };
		DDC7C743F8BED1CAD61A4742 /* Pods_FlappyRoyale.framework in Frameworks */ = {isa = PBXBuildFile; fileRef = EF76939EB3341111F5AB59A6 /* Pods_FlappyRoyale.framework */; };
/* End PBXBuildFile section */

/* Begin PBXContainerItemProxy section */
		C6557C4622BA3EF300F78E06 /* PBXContainerItemProxy */ = {
			isa = PBXContainerItemProxy;
			containerPortal = C653148521EE7BB80068609E /* Project object */;
			proxyType = 1;
			remoteGlobalIDString = C653148C21EE7BB80068609E;
			remoteInfo = FlappyRoyale;
		};
/* End PBXContainerItemProxy section */

/* Begin PBXFileReference section */
		0000FB2B7EF3AE0F42AADF03 /* Pods_Flappy_Dev.framework */ = {isa = PBXFileReference; explicitFileType = wrapper.framework; includeInIndex = 0; path = Pods_Flappy_Dev.framework; sourceTree = BUILT_PRODUCTS_DIR; };
		264E7274F9B9BF5130647ACC /* Pods-Flappy Dev.release.xcconfig */ = {isa = PBXFileReference; includeInIndex = 1; lastKnownFileType = text.xcconfig; name = "Pods-Flappy Dev.release.xcconfig"; path = "Target Support Files/Pods-Flappy Dev/Pods-Flappy Dev.release.xcconfig"; sourceTree = "<group>"; };
		2F3F98C88D6A309221A5D051 /* Pods-Flappy Dev.debug.xcconfig */ = {isa = PBXFileReference; includeInIndex = 1; lastKnownFileType = text.xcconfig; name = "Pods-Flappy Dev.debug.xcconfig"; path = "Target Support Files/Pods-Flappy Dev/Pods-Flappy Dev.debug.xcconfig"; sourceTree = "<group>"; };
		605A160B22B5AEDB008A7AFD /* AnalyticsManager.swift */ = {isa = PBXFileReference; lastKnownFileType = sourcecode.swift; path = AnalyticsManager.swift; sourceTree = "<group>"; };
		6067812722AB0A830036A5FC /* AdConstants.swift */ = {isa = PBXFileReference; lastKnownFileType = sourcecode.swift; name = AdConstants.swift; path = ../../assets/config/AdConstants.swift; sourceTree = "<group>"; };
		6067812922AB29B70036A5FC /* FlappyRoyale-Bridging-Header.h */ = {isa = PBXFileReference; lastKnownFileType = sourcecode.c.h; path = "FlappyRoyale-Bridging-Header.h"; sourceTree = "<group>"; };
		6067813222AC81F80036A5FC /* Fipps-Regular.otf */ = {isa = PBXFileReference; lastKnownFileType = file; path = "Fipps-Regular.otf"; sourceTree = "<group>"; };
		60924F6C22BFF9F90004796A /* URLLoader.swift */ = {isa = PBXFileReference; lastKnownFileType = sourcecode.swift; path = URLLoader.swift; sourceTree = "<group>"; };
		6092CB4C22B0B56600D9480B /* AdPresentor.swift */ = {isa = PBXFileReference; lastKnownFileType = sourcecode.swift; path = AdPresentor.swift; sourceTree = "<group>"; };
		60961B6F22B6DEDC0070160A /* ShareManager.swift */ = {isa = PBXFileReference; lastKnownFileType = sourcecode.swift; path = ShareManager.swift; sourceTree = "<group>"; };
		60CF33CC22D41ED7001E4760 /* CoreGraphics.framework */ = {isa = PBXFileReference; lastKnownFileType = wrapper.framework; name = CoreGraphics.framework; path = System/Library/Frameworks/CoreGraphics.framework; sourceTree = SDKROOT; };
		60CF33CE22D41EE1001E4760 /* UIKit.framework */ = {isa = PBXFileReference; lastKnownFileType = wrapper.framework; name = UIKit.framework; path = System/Library/Frameworks/UIKit.framework; sourceTree = SDKROOT; };
		60E170E622CE91640036EC1D /* FlappyRoyale.entitlements */ = {isa = PBXFileReference; lastKnownFileType = text.plist.entitlements; path = FlappyRoyale.entitlements; sourceTree = "<group>"; };
		6CD0CEBE8DE42AE61C6E36A5 /* Pods-FlappyRoyale.debug.xcconfig */ = {isa = PBXFileReference; includeInIndex = 1; lastKnownFileType = text.xcconfig; name = "Pods-FlappyRoyale.debug.xcconfig"; path = "Target Support Files/Pods-FlappyRoyale/Pods-FlappyRoyale.debug.xcconfig"; sourceTree = "<group>"; };
		6D1BFD9413EA68359D30A410 /* Pods-FlappyRoyale.release.xcconfig */ = {isa = PBXFileReference; includeInIndex = 1; lastKnownFileType = text.xcconfig; name = "Pods-FlappyRoyale.release.xcconfig"; path = "Target Support Files/Pods-FlappyRoyale/Pods-FlappyRoyale.release.xcconfig"; sourceTree = "<group>"; };
		C61E55BF22DA979900010550 /* GameCenter.swift */ = {isa = PBXFileReference; lastKnownFileType = sourcecode.swift; path = GameCenter.swift; sourceTree = "<group>"; };
		C61E55C222DA9BC300010550 /* GameKit.framework */ = {isa = PBXFileReference; lastKnownFileType = wrapper.framework; name = GameKit.framework; path = System/Library/Frameworks/GameKit.framework; sourceTree = SDKROOT; };
		C61E55C522DB623800010550 /* Flappy Dev.entitlements */ = {isa = PBXFileReference; lastKnownFileType = text.plist.entitlements; path = "Flappy Dev.entitlements"; sourceTree = "<group>"; };
		C61E55C622DB650A00010550 /* PushNotifications.swift */ = {isa = PBXFileReference; lastKnownFileType = sourcecode.swift; path = PushNotifications.swift; sourceTree = "<group>"; };
		C626521F22AA9C1400720FE0 /* HapticManager.swift */ = {isa = PBXFileReference; lastKnownFileType = sourcecode.swift; path = HapticManager.swift; sourceTree = "<group>"; };
		C626522122AA9CDD00720FE0 /* WebViewInteropProvider.swift */ = {isa = PBXFileReference; lastKnownFileType = sourcecode.swift; path = WebViewInteropProvider.swift; sourceTree = "<group>"; };
		C6309E4622AD1FFE00D0E0E1 /* AppStoreReviewer.swift */ = {isa = PBXFileReference; lastKnownFileType = sourcecode.swift; path = AppStoreReviewer.swift; sourceTree = "<group>"; };
		C64C01C822B9068D0037150D /* GoogleService-Info.plist */ = {isa = PBXFileReference; fileEncoding = 4; lastKnownFileType = text.plist.xml; name = "GoogleService-Info.plist"; path = "../../assets/config/GoogleService-Info.plist"; sourceTree = "<group>"; };
		C653148D21EE7BB80068609E /* FlappyRoyale.app */ = {isa = PBXFileReference; explicitFileType = wrapper.application; includeInIndex = 0; path = FlappyRoyale.app; sourceTree = BUILT_PRODUCTS_DIR; };
		C653149021EE7BB80068609E /* AppDelegate.swift */ = {isa = PBXFileReference; lastKnownFileType = sourcecode.swift; path = AppDelegate.swift; sourceTree = "<group>"; };
		C653149221EE7BB80068609E /* ViewController.swift */ = {isa = PBXFileReference; lastKnownFileType = sourcecode.swift; path = ViewController.swift; sourceTree = "<group>"; };
		C653149521EE7BB80068609E /* Base */ = {isa = PBXFileReference; lastKnownFileType = file.storyboard; name = Base; path = Base.lproj/Main.storyboard; sourceTree = "<group>"; };
		C653149721EE7BBA0068609E /* Assets.xcassets */ = {isa = PBXFileReference; lastKnownFileType = folder.assetcatalog; path = Assets.xcassets; sourceTree = "<group>"; };
		C653149A21EE7BBA0068609E /* Base */ = {isa = PBXFileReference; lastKnownFileType = file.storyboard; name = Base; path = Base.lproj/LaunchScreen.storyboard; sourceTree = "<group>"; };
		C653149C21EE7BBA0068609E /* Info.plist */ = {isa = PBXFileReference; lastKnownFileType = text.plist.xml; path = Info.plist; sourceTree = "<group>"; };
		C6557C4122BA3EF300F78E06 /* FlappyRoyaleUITests.xctest */ = {isa = PBXFileReference; explicitFileType = wrapper.cfbundle; includeInIndex = 0; path = FlappyRoyaleUITests.xctest; sourceTree = BUILT_PRODUCTS_DIR; };
		C6557C4322BA3EF300F78E06 /* FlappyRoyaleUITests.swift */ = {isa = PBXFileReference; lastKnownFileType = sourcecode.swift; path = FlappyRoyaleUITests.swift; sourceTree = "<group>"; };
		C6557C4522BA3EF300F78E06 /* Info.plist */ = {isa = PBXFileReference; lastKnownFileType = text.plist.xml; path = Info.plist; sourceTree = "<group>"; };
		C6557C4B22BA3F5900F78E06 /* SnapshotHelper.swift */ = {isa = PBXFileReference; fileEncoding = 4; lastKnownFileType = sourcecode.swift; name = SnapshotHelper.swift; path = fastlane/SnapshotHelper.swift; sourceTree = SOURCE_ROOT; };
		C6BA851A22BE7AE500BCBCC6 /* Flappy Dev.app */ = {isa = PBXFileReference; explicitFileType = wrapper.application; includeInIndex = 0; path = "Flappy Dev.app"; sourceTree = BUILT_PRODUCTS_DIR; };
		C6BA851B22BE7AE500BCBCC6 /* FlappyRoyale copy-Info.plist */ = {isa = PBXFileReference; lastKnownFileType = text.plist.xml; name = "FlappyRoyale copy-Info.plist"; path = "/Users/lazerwalker/Code/flappy-royale/ios/FlappyRoyale copy-Info.plist"; sourceTree = "<absolute>"; };
		EF76939EB3341111F5AB59A6 /* Pods_FlappyRoyale.framework */ = {isa = PBXFileReference; explicitFileType = wrapper.framework; includeInIndex = 0; path = Pods_FlappyRoyale.framework; sourceTree = BUILT_PRODUCTS_DIR; };
/* End PBXFileReference section */

/* Begin PBXFrameworksBuildPhase section */
		C653148A21EE7BB80068609E /* Frameworks */ = {
			isa = PBXFrameworksBuildPhase;
			buildActionMask = 2147483647;
			files = (
				60CF33CF22D41EE1001E4760 /* UIKit.framework in Frameworks */,
				60CF33CD22D41ED8001E4760 /* CoreGraphics.framework in Frameworks */,
				DDC7C743F8BED1CAD61A4742 /* Pods_FlappyRoyale.framework in Frameworks */,
				C61E55C422DA9BD800010550 /* GameKit.framework in Frameworks */,
			);
			runOnlyForDeploymentPostprocessing = 0;
		};
		C6557C3E22BA3EF300F78E06 /* Frameworks */ = {
			isa = PBXFrameworksBuildPhase;
			buildActionMask = 2147483647;
			files = (
			);
			runOnlyForDeploymentPostprocessing = 0;
		};
		C6BA850E22BE7AE500BCBCC6 /* Frameworks */ = {
			isa = PBXFrameworksBuildPhase;
			buildActionMask = 2147483647;
			files = (
				4206B2E2B31D3371B1A5F47D /* Pods_Flappy_Dev.framework in Frameworks */,
				C61E55C322DA9BC300010550 /* GameKit.framework in Frameworks */,
			);
			runOnlyForDeploymentPostprocessing = 0;
		};
/* End PBXFrameworksBuildPhase section */

/* Begin PBXGroup section */
		B779176D50F295FF21F9411F /* Frameworks */ = {
			isa = PBXGroup;
			children = (
				C61E55C222DA9BC300010550 /* GameKit.framework */,
				60CF33CE22D41EE1001E4760 /* UIKit.framework */,
				60CF33CC22D41ED7001E4760 /* CoreGraphics.framework */,
				EF76939EB3341111F5AB59A6 /* Pods_FlappyRoyale.framework */,
				0000FB2B7EF3AE0F42AADF03 /* Pods_Flappy_Dev.framework */,
			);
			name = Frameworks;
			sourceTree = "<group>";
		};
		B8CE5A8B137FCA8B62F8579A /* Pods */ = {
			isa = PBXGroup;
			children = (
				6CD0CEBE8DE42AE61C6E36A5 /* Pods-FlappyRoyale.debug.xcconfig */,
				6D1BFD9413EA68359D30A410 /* Pods-FlappyRoyale.release.xcconfig */,
				2F3F98C88D6A309221A5D051 /* Pods-Flappy Dev.debug.xcconfig */,
				264E7274F9B9BF5130647ACC /* Pods-Flappy Dev.release.xcconfig */,
			);
			path = Pods;
			sourceTree = "<group>";
		};
		C6309E4522AD1FE300D0E0E1 /* JS Extensions */ = {
			isa = PBXGroup;
			children = (
				C626522122AA9CDD00720FE0 /* WebViewInteropProvider.swift */,
				C626521F22AA9C1400720FE0 /* HapticManager.swift */,
				C6309E4622AD1FFE00D0E0E1 /* AppStoreReviewer.swift */,
				6092CB4C22B0B56600D9480B /* AdPresentor.swift */,
				605A160B22B5AEDB008A7AFD /* AnalyticsManager.swift */,
				60961B6F22B6DEDC0070160A /* ShareManager.swift */,
				60924F6C22BFF9F90004796A /* URLLoader.swift */,
				C61E55BF22DA979900010550 /* GameCenter.swift */,
				C61E55C622DB650A00010550 /* PushNotifications.swift */,
			);
			path = "JS Extensions";
			sourceTree = "<group>";
		};
		C653148421EE7BB80068609E = {
			isa = PBXGroup;
			children = (
				C61E55C522DB623800010550 /* Flappy Dev.entitlements */,
				C653148F21EE7BB80068609E /* FlappyRoyale */,
				C6557C4222BA3EF300F78E06 /* FlappyRoyaleUITests */,
				C653148E21EE7BB80068609E /* Products */,
				B8CE5A8B137FCA8B62F8579A /* Pods */,
				6067812922AB29B70036A5FC /* FlappyRoyale-Bridging-Header.h */,
				C6BA851B22BE7AE500BCBCC6 /* FlappyRoyale copy-Info.plist */,
				B779176D50F295FF21F9411F /* Frameworks */,
			);
			sourceTree = "<group>";
		};
		C653148E21EE7BB80068609E /* Products */ = {
			isa = PBXGroup;
			children = (
				C653148D21EE7BB80068609E /* FlappyRoyale.app */,
				C6557C4122BA3EF300F78E06 /* FlappyRoyaleUITests.xctest */,
				C6BA851A22BE7AE500BCBCC6 /* Flappy Dev.app */,
			);
			name = Products;
			sourceTree = "<group>";
		};
		C653148F21EE7BB80068609E /* FlappyRoyale */ = {
			isa = PBXGroup;
			children = (
				60E170E622CE91640036EC1D /* FlappyRoyale.entitlements */,
				C64C01C822B9068D0037150D /* GoogleService-Info.plist */,
				C6309E4522AD1FE300D0E0E1 /* JS Extensions */,
				C653149021EE7BB80068609E /* AppDelegate.swift */,
				C653149221EE7BB80068609E /* ViewController.swift */,
				C653149421EE7BB80068609E /* Main.storyboard */,
				6067813222AC81F80036A5FC /* Fipps-Regular.otf */,
				C653149721EE7BBA0068609E /* Assets.xcassets */,
				C653149921EE7BBA0068609E /* LaunchScreen.storyboard */,
				C653149C21EE7BBA0068609E /* Info.plist */,
				6067812722AB0A830036A5FC /* AdConstants.swift */,
			);
			path = FlappyRoyale;
			sourceTree = "<group>";
		};
		C6557C4222BA3EF300F78E06 /* FlappyRoyaleUITests */ = {
			isa = PBXGroup;
			children = (
				C6557C4B22BA3F5900F78E06 /* SnapshotHelper.swift */,
				C6557C4322BA3EF300F78E06 /* FlappyRoyaleUITests.swift */,
				C6557C4522BA3EF300F78E06 /* Info.plist */,
			);
			path = FlappyRoyaleUITests;
			sourceTree = "<group>";
		};
/* End PBXGroup section */

/* Begin PBXNativeTarget section */
		C653148C21EE7BB80068609E /* FlappyRoyale */ = {
			isa = PBXNativeTarget;
			buildConfigurationList = C653149F21EE7BBA0068609E /* Build configuration list for PBXNativeTarget "FlappyRoyale" */;
			buildPhases = (
				94F0E94D9CE41A128868F26B /* [CP] Check Pods Manifest.lock */,
				C653148921EE7BB80068609E /* Sources */,
				C653148A21EE7BB80068609E /* Frameworks */,
				C653148B21EE7BB80068609E /* Resources */,
				3CFF67C04404CFF923592CC0 /* [CP] Embed Pods Frameworks */,
				BAA3C04E02787677ED4F3717 /* [CP] Copy Pods Resources */,
			);
			buildRules = (
			);
			dependencies = (
			);
			name = FlappyRoyale;
			productName = Gorli;
			productReference = C653148D21EE7BB80068609E /* FlappyRoyale.app */;
			productType = "com.apple.product-type.application";
		};
		C6557C4022BA3EF300F78E06 /* FlappyRoyaleUITests */ = {
			isa = PBXNativeTarget;
			buildConfigurationList = C6557C4A22BA3EF300F78E06 /* Build configuration list for PBXNativeTarget "FlappyRoyaleUITests" */;
			buildPhases = (
				C6557C3D22BA3EF300F78E06 /* Sources */,
				C6557C3E22BA3EF300F78E06 /* Frameworks */,
				C6557C3F22BA3EF300F78E06 /* Resources */,
			);
			buildRules = (
			);
			dependencies = (
				C6557C4722BA3EF300F78E06 /* PBXTargetDependency */,
			);
			name = FlappyRoyaleUITests;
			productName = FlappyRoyaleUITests;
			productReference = C6557C4122BA3EF300F78E06 /* FlappyRoyaleUITests.xctest */;
			productType = "com.apple.product-type.bundle.ui-testing";
		};
		C6BA850222BE7AE500BCBCC6 /* Flappy Dev */ = {
			isa = PBXNativeTarget;
			buildConfigurationList = C6BA851722BE7AE500BCBCC6 /* Build configuration list for PBXNativeTarget "Flappy Dev" */;
			buildPhases = (
				958A80546FF3A24728EE7635 /* [CP] Check Pods Manifest.lock */,
				C6BA850422BE7AE500BCBCC6 /* Sources */,
				C6BA850E22BE7AE500BCBCC6 /* Frameworks */,
				C6BA851022BE7AE500BCBCC6 /* Resources */,
				C822F3A6760A7D4BBBB91520 /* [CP] Embed Pods Frameworks */,
			);
			buildRules = (
			);
			dependencies = (
			);
			name = "Flappy Dev";
			productName = Gorli;
			productReference = C6BA851A22BE7AE500BCBCC6 /* Flappy Dev.app */;
			productType = "com.apple.product-type.application";
		};
/* End PBXNativeTarget section */

/* Begin PBXProject section */
		C653148521EE7BB80068609E /* Project object */ = {
			isa = PBXProject;
			attributes = {
				LastSwiftUpdateCheck = 1020;
				LastUpgradeCheck = 1010;
				ORGANIZATIONNAME = "Mike Lazer-Walker";
				TargetAttributes = {
					C653148C21EE7BB80068609E = {
						CreatedOnToolsVersion = 10.1;
						LastSwiftMigration = 1020;
						SystemCapabilities = {
							com.apple.GameCenter.iOS = {
								enabled = 1;
							};
							com.apple.Push = {
								enabled = 1;
							};
							com.apple.SafariKeychain = {
								enabled = 1;
							};
						};
					};
					C6557C4022BA3EF300F78E06 = {
						CreatedOnToolsVersion = 10.2;
						TestTargetID = C653148C21EE7BB80068609E;
					};
					C6BA850222BE7AE500BCBCC6 = {
						SystemCapabilities = {
							com.apple.GameCenter.iOS = {
								enabled = 1;
							};
							com.apple.Push = {
								enabled = 1;
							};
						};
					};
				};
			};
			buildConfigurationList = C653148821EE7BB80068609E /* Build configuration list for PBXProject "FlappyRoyale" */;
			compatibilityVersion = "Xcode 9.3";
			developmentRegion = en;
			hasScannedForEncodings = 0;
			knownRegions = (
				en,
				Base,
			);
			mainGroup = C653148421EE7BB80068609E;
			productRefGroup = C653148E21EE7BB80068609E /* Products */;
			projectDirPath = "";
			projectRoot = "";
			targets = (
				C653148C21EE7BB80068609E /* FlappyRoyale */,
				C6557C4022BA3EF300F78E06 /* FlappyRoyaleUITests */,
				C6BA850222BE7AE500BCBCC6 /* Flappy Dev */,
			);
		};
/* End PBXProject section */

/* Begin PBXResourcesBuildPhase section */
		C653148B21EE7BB80068609E /* Resources */ = {
			isa = PBXResourcesBuildPhase;
			buildActionMask = 2147483647;
			files = (
				C653149B21EE7BBA0068609E /* LaunchScreen.storyboard in Resources */,
				6067813322AC81F90036A5FC /* Fipps-Regular.otf in Resources */,
				C64C01C922B9068D0037150D /* GoogleService-Info.plist in Resources */,
				C653149821EE7BBA0068609E /* Assets.xcassets in Resources */,
				C653149621EE7BB80068609E /* Main.storyboard in Resources */,
			);
			runOnlyForDeploymentPostprocessing = 0;
		};
		C6557C3F22BA3EF300F78E06 /* Resources */ = {
			isa = PBXResourcesBuildPhase;
			buildActionMask = 2147483647;
			files = (
			);
			runOnlyForDeploymentPostprocessing = 0;
		};
		C6BA851022BE7AE500BCBCC6 /* Resources */ = {
			isa = PBXResourcesBuildPhase;
			buildActionMask = 2147483647;
			files = (
				C6BA851122BE7AE500BCBCC6 /* LaunchScreen.storyboard in Resources */,
				C6BA851222BE7AE500BCBCC6 /* Fipps-Regular.otf in Resources */,
				C6BA851322BE7AE500BCBCC6 /* GoogleService-Info.plist in Resources */,
				C6BA851422BE7AE500BCBCC6 /* Assets.xcassets in Resources */,
				C6BA851522BE7AE500BCBCC6 /* Main.storyboard in Resources */,
			);
			runOnlyForDeploymentPostprocessing = 0;
		};
/* End PBXResourcesBuildPhase section */

/* Begin PBXShellScriptBuildPhase section */
		3CFF67C04404CFF923592CC0 /* [CP] Embed Pods Frameworks */ = {
			isa = PBXShellScriptBuildPhase;
			buildActionMask = 2147483647;
			files = (
			);
			inputFileListPaths = (
			);
			inputPaths = (
				"${PODS_ROOT}/Target Support Files/Pods-FlappyRoyale/Pods-FlappyRoyale-frameworks.sh",
				"${BUILT_PRODUCTS_DIR}/GoogleUtilities/GoogleUtilities.framework",
				"${BUILT_PRODUCTS_DIR}/nanopb/nanopb.framework",
			);
			name = "[CP] Embed Pods Frameworks";
			outputFileListPaths = (
			);
			outputPaths = (
				"${TARGET_BUILD_DIR}/${FRAMEWORKS_FOLDER_PATH}/GoogleUtilities.framework",
				"${TARGET_BUILD_DIR}/${FRAMEWORKS_FOLDER_PATH}/nanopb.framework",
			);
			runOnlyForDeploymentPostprocessing = 0;
			shellPath = /bin/sh;
			shellScript = "\"${PODS_ROOT}/Target Support Files/Pods-FlappyRoyale/Pods-FlappyRoyale-frameworks.sh\"\n";
			showEnvVarsInLog = 0;
		};
		94F0E94D9CE41A128868F26B /* [CP] Check Pods Manifest.lock */ = {
			isa = PBXShellScriptBuildPhase;
			buildActionMask = 2147483647;
			files = (
			);
			inputFileListPaths = (
			);
			inputPaths = (
				"${PODS_PODFILE_DIR_PATH}/Podfile.lock",
				"${PODS_ROOT}/Manifest.lock",
			);
			name = "[CP] Check Pods Manifest.lock";
			outputFileListPaths = (
			);
			outputPaths = (
				"$(DERIVED_FILE_DIR)/Pods-FlappyRoyale-checkManifestLockResult.txt",
			);
			runOnlyForDeploymentPostprocessing = 0;
			shellPath = /bin/sh;
			shellScript = "diff \"${PODS_PODFILE_DIR_PATH}/Podfile.lock\" \"${PODS_ROOT}/Manifest.lock\" > /dev/null\nif [ $? != 0 ] ; then\n    # print error to STDERR\n    echo \"error: The sandbox is not in sync with the Podfile.lock. Run 'pod install' or update your CocoaPods installation.\" >&2\n    exit 1\nfi\n# This output is used by Xcode 'outputs' to avoid re-running this script phase.\necho \"SUCCESS\" > \"${SCRIPT_OUTPUT_FILE_0}\"\n";
			showEnvVarsInLog = 0;
		};
		958A80546FF3A24728EE7635 /* [CP] Check Pods Manifest.lock */ = {
			isa = PBXShellScriptBuildPhase;
			buildActionMask = 2147483647;
			files = (
			);
			inputFileListPaths = (
			);
			inputPaths = (
				"${PODS_PODFILE_DIR_PATH}/Podfile.lock",
				"${PODS_ROOT}/Manifest.lock",
			);
			name = "[CP] Check Pods Manifest.lock";
			outputFileListPaths = (
			);
			outputPaths = (
				"$(DERIVED_FILE_DIR)/Pods-Flappy Dev-checkManifestLockResult.txt",
			);
			runOnlyForDeploymentPostprocessing = 0;
			shellPath = /bin/sh;
			shellScript = "diff \"${PODS_PODFILE_DIR_PATH}/Podfile.lock\" \"${PODS_ROOT}/Manifest.lock\" > /dev/null\nif [ $? != 0 ] ; then\n    # print error to STDERR\n    echo \"error: The sandbox is not in sync with the Podfile.lock. Run 'pod install' or update your CocoaPods installation.\" >&2\n    exit 1\nfi\n# This output is used by Xcode 'outputs' to avoid re-running this script phase.\necho \"SUCCESS\" > \"${SCRIPT_OUTPUT_FILE_0}\"\n";
			showEnvVarsInLog = 0;
		};
		BAA3C04E02787677ED4F3717 /* [CP] Copy Pods Resources */ = {
			isa = PBXShellScriptBuildPhase;
			buildActionMask = 2147483647;
			files = (
			);
			inputFileListPaths = (
			);
			inputPaths = (
				"${PODS_ROOT}/Target Support Files/Pods-FlappyRoyale/Pods-FlappyRoyale-resources.sh",
				"${PODS_ROOT}/IronSourceTapjoyAdapter/ISTapjoyAdapter/Resources/TapjoyResources.bundle",
			);
			name = "[CP] Copy Pods Resources";
			outputFileListPaths = (
			);
			outputPaths = (
				"${TARGET_BUILD_DIR}/${UNLOCALIZED_RESOURCES_FOLDER_PATH}/TapjoyResources.bundle",
			);
			runOnlyForDeploymentPostprocessing = 0;
			shellPath = /bin/sh;
			shellScript = "\"${PODS_ROOT}/Target Support Files/Pods-FlappyRoyale/Pods-FlappyRoyale-resources.sh\"\n";
			showEnvVarsInLog = 0;
		};
		C822F3A6760A7D4BBBB91520 /* [CP] Embed Pods Frameworks */ = {
			isa = PBXShellScriptBuildPhase;
			buildActionMask = 2147483647;
			files = (
			);
			inputFileListPaths = (
			);
			inputPaths = (
				"${PODS_ROOT}/Target Support Files/Pods-Flappy Dev/Pods-Flappy Dev-frameworks.sh",
				"${BUILT_PRODUCTS_DIR}/GoogleUtilities/GoogleUtilities.framework",
				"${BUILT_PRODUCTS_DIR}/nanopb/nanopb.framework",
			);
			name = "[CP] Embed Pods Frameworks";
			outputFileListPaths = (
			);
			outputPaths = (
				"${TARGET_BUILD_DIR}/${FRAMEWORKS_FOLDER_PATH}/GoogleUtilities.framework",
				"${TARGET_BUILD_DIR}/${FRAMEWORKS_FOLDER_PATH}/nanopb.framework",
			);
			runOnlyForDeploymentPostprocessing = 0;
			shellPath = /bin/sh;
			shellScript = "\"${PODS_ROOT}/Target Support Files/Pods-Flappy Dev/Pods-Flappy Dev-frameworks.sh\"\n";
			showEnvVarsInLog = 0;
		};
/* End PBXShellScriptBuildPhase section */

/* Begin PBXSourcesBuildPhase section */
		C653148921EE7BB80068609E /* Sources */ = {
			isa = PBXSourcesBuildPhase;
			buildActionMask = 2147483647;
			files = (
				6092CB4D22B0B56600D9480B /* AdPresentor.swift in Sources */,
				C626522222AA9CDD00720FE0 /* WebViewInteropProvider.swift in Sources */,
				6067812822AB0A830036A5FC /* AdConstants.swift in Sources */,
				60961B7022B6DEDC0070160A /* ShareManager.swift in Sources */,
				60924F6D22BFF9F90004796A /* URLLoader.swift in Sources */,
				C61E55C022DA979900010550 /* GameCenter.swift in Sources */,
				C653149321EE7BB80068609E /* ViewController.swift in Sources */,
				605A160C22B5AEDB008A7AFD /* AnalyticsManager.swift in Sources */,
				C61E55C722DB650A00010550 /* PushNotifications.swift in Sources */,
				C6309E4722AD1FFE00D0E0E1 /* AppStoreReviewer.swift in Sources */,
				C626522022AA9C1400720FE0 /* HapticManager.swift in Sources */,
				C653149121EE7BB80068609E /* AppDelegate.swift in Sources */,
			);
			runOnlyForDeploymentPostprocessing = 0;
		};
		C6557C3D22BA3EF300F78E06 /* Sources */ = {
			isa = PBXSourcesBuildPhase;
			buildActionMask = 2147483647;
			files = (
				C6557C4422BA3EF300F78E06 /* FlappyRoyaleUITests.swift in Sources */,
				C6557C4C22BA3F5900F78E06 /* SnapshotHelper.swift in Sources */,
			);
			runOnlyForDeploymentPostprocessing = 0;
		};
		C6BA850422BE7AE500BCBCC6 /* Sources */ = {
			isa = PBXSourcesBuildPhase;
			buildActionMask = 2147483647;
			files = (
				C6BA850522BE7AE500BCBCC6 /* AdPresentor.swift in Sources */,
				C6BA850622BE7AE500BCBCC6 /* WebViewInteropProvider.swift in Sources */,
				C6BA850722BE7AE500BCBCC6 /* AdConstants.swift in Sources */,
				C6BA850822BE7AE500BCBCC6 /* ShareManager.swift in Sources */,
				60924F6E22BFF9F90004796A /* URLLoader.swift in Sources */,
				C61E55C122DA97BF00010550 /* GameCenter.swift in Sources */,
				C6BA850922BE7AE500BCBCC6 /* ViewController.swift in Sources */,
				C6BA850A22BE7AE500BCBCC6 /* AnalyticsManager.swift in Sources */,
				C61E55C822DB675D00010550 /* PushNotifications.swift in Sources */,
				C6BA850B22BE7AE500BCBCC6 /* AppStoreReviewer.swift in Sources */,
				C6BA850C22BE7AE500BCBCC6 /* HapticManager.swift in Sources */,
				C6BA850D22BE7AE500BCBCC6 /* AppDelegate.swift in Sources */,
			);
			runOnlyForDeploymentPostprocessing = 0;
		};
/* End PBXSourcesBuildPhase section */

/* Begin PBXTargetDependency section */
		C6557C4722BA3EF300F78E06 /* PBXTargetDependency */ = {
			isa = PBXTargetDependency;
			target = C653148C21EE7BB80068609E /* FlappyRoyale */;
			targetProxy = C6557C4622BA3EF300F78E06 /* PBXContainerItemProxy */;
		};
/* End PBXTargetDependency section */

/* Begin PBXVariantGroup section */
		C653149421EE7BB80068609E /* Main.storyboard */ = {
			isa = PBXVariantGroup;
			children = (
				C653149521EE7BB80068609E /* Base */,
			);
			name = Main.storyboard;
			sourceTree = "<group>";
		};
		C653149921EE7BBA0068609E /* LaunchScreen.storyboard */ = {
			isa = PBXVariantGroup;
			children = (
				C653149A21EE7BBA0068609E /* Base */,
			);
			name = LaunchScreen.storyboard;
			sourceTree = "<group>";
		};
/* End PBXVariantGroup section */

/* Begin XCBuildConfiguration section */
		C653149D21EE7BBA0068609E /* Debug */ = {
			isa = XCBuildConfiguration;
			buildSettings = {
				ALWAYS_SEARCH_USER_PATHS = NO;
				CLANG_ANALYZER_NONNULL = YES;
				CLANG_ANALYZER_NUMBER_OBJECT_CONVERSION = YES_AGGRESSIVE;
				CLANG_CXX_LANGUAGE_STANDARD = "gnu++14";
				CLANG_CXX_LIBRARY = "libc++";
				CLANG_ENABLE_MODULES = YES;
				CLANG_ENABLE_OBJC_ARC = YES;
				CLANG_ENABLE_OBJC_WEAK = YES;
				CLANG_WARN_BLOCK_CAPTURE_AUTORELEASING = YES;
				CLANG_WARN_BOOL_CONVERSION = YES;
				CLANG_WARN_COMMA = YES;
				CLANG_WARN_CONSTANT_CONVERSION = YES;
				CLANG_WARN_DEPRECATED_OBJC_IMPLEMENTATIONS = YES;
				CLANG_WARN_DIRECT_OBJC_ISA_USAGE = YES_ERROR;
				CLANG_WARN_DOCUMENTATION_COMMENTS = YES;
				CLANG_WARN_EMPTY_BODY = YES;
				CLANG_WARN_ENUM_CONVERSION = YES;
				CLANG_WARN_INFINITE_RECURSION = YES;
				CLANG_WARN_INT_CONVERSION = YES;
				CLANG_WARN_NON_LITERAL_NULL_CONVERSION = YES;
				CLANG_WARN_OBJC_IMPLICIT_RETAIN_SELF = YES;
				CLANG_WARN_OBJC_LITERAL_CONVERSION = YES;
				CLANG_WARN_OBJC_ROOT_CLASS = YES_ERROR;
				CLANG_WARN_RANGE_LOOP_ANALYSIS = YES;
				CLANG_WARN_STRICT_PROTOTYPES = YES;
				CLANG_WARN_SUSPICIOUS_MOVE = YES;
				CLANG_WARN_UNGUARDED_AVAILABILITY = YES_AGGRESSIVE;
				CLANG_WARN_UNREACHABLE_CODE = YES;
				CLANG_WARN__DUPLICATE_METHOD_MATCH = YES;
				CODE_SIGN_IDENTITY = "iPhone Developer";
				COPY_PHASE_STRIP = NO;
				DEBUG_INFORMATION_FORMAT = dwarf;
				ENABLE_STRICT_OBJC_MSGSEND = YES;
				ENABLE_TESTABILITY = YES;
				GCC_C_LANGUAGE_STANDARD = gnu11;
				GCC_DYNAMIC_NO_PIC = NO;
				GCC_NO_COMMON_BLOCKS = YES;
				GCC_OPTIMIZATION_LEVEL = 0;
				GCC_PREPROCESSOR_DEFINITIONS = (
					"DEBUG=1",
					"$(inherited)",
				);
				GCC_WARN_64_TO_32_BIT_CONVERSION = YES;
				GCC_WARN_ABOUT_RETURN_TYPE = YES_ERROR;
				GCC_WARN_UNDECLARED_SELECTOR = YES;
				GCC_WARN_UNINITIALIZED_AUTOS = YES_AGGRESSIVE;
				GCC_WARN_UNUSED_FUNCTION = YES;
				GCC_WARN_UNUSED_VARIABLE = YES;
				IPHONEOS_DEPLOYMENT_TARGET = 12.1;
				MTL_ENABLE_DEBUG_INFO = INCLUDE_SOURCE;
				MTL_FAST_MATH = YES;
				ONLY_ACTIVE_ARCH = YES;
				SDKROOT = iphoneos;
				SWIFT_ACTIVE_COMPILATION_CONDITIONS = DEBUG;
				SWIFT_OPTIMIZATION_LEVEL = "-Onone";
			};
			name = Debug;
		};
		C653149E21EE7BBA0068609E /* Release */ = {
			isa = XCBuildConfiguration;
			buildSettings = {
				ALWAYS_SEARCH_USER_PATHS = NO;
				CLANG_ANALYZER_NONNULL = YES;
				CLANG_ANALYZER_NUMBER_OBJECT_CONVERSION = YES_AGGRESSIVE;
				CLANG_CXX_LANGUAGE_STANDARD = "gnu++14";
				CLANG_CXX_LIBRARY = "libc++";
				CLANG_ENABLE_MODULES = YES;
				CLANG_ENABLE_OBJC_ARC = YES;
				CLANG_ENABLE_OBJC_WEAK = YES;
				CLANG_WARN_BLOCK_CAPTURE_AUTORELEASING = YES;
				CLANG_WARN_BOOL_CONVERSION = YES;
				CLANG_WARN_COMMA = YES;
				CLANG_WARN_CONSTANT_CONVERSION = YES;
				CLANG_WARN_DEPRECATED_OBJC_IMPLEMENTATIONS = YES;
				CLANG_WARN_DIRECT_OBJC_ISA_USAGE = YES_ERROR;
				CLANG_WARN_DOCUMENTATION_COMMENTS = YES;
				CLANG_WARN_EMPTY_BODY = YES;
				CLANG_WARN_ENUM_CONVERSION = YES;
				CLANG_WARN_INFINITE_RECURSION = YES;
				CLANG_WARN_INT_CONVERSION = YES;
				CLANG_WARN_NON_LITERAL_NULL_CONVERSION = YES;
				CLANG_WARN_OBJC_IMPLICIT_RETAIN_SELF = YES;
				CLANG_WARN_OBJC_LITERAL_CONVERSION = YES;
				CLANG_WARN_OBJC_ROOT_CLASS = YES_ERROR;
				CLANG_WARN_RANGE_LOOP_ANALYSIS = YES;
				CLANG_WARN_STRICT_PROTOTYPES = YES;
				CLANG_WARN_SUSPICIOUS_MOVE = YES;
				CLANG_WARN_UNGUARDED_AVAILABILITY = YES_AGGRESSIVE;
				CLANG_WARN_UNREACHABLE_CODE = YES;
				CLANG_WARN__DUPLICATE_METHOD_MATCH = YES;
				CODE_SIGN_IDENTITY = "iPhone Developer";
				COPY_PHASE_STRIP = NO;
				DEBUG_INFORMATION_FORMAT = "dwarf-with-dsym";
				ENABLE_NS_ASSERTIONS = NO;
				ENABLE_STRICT_OBJC_MSGSEND = YES;
				GCC_C_LANGUAGE_STANDARD = gnu11;
				GCC_NO_COMMON_BLOCKS = YES;
				GCC_WARN_64_TO_32_BIT_CONVERSION = YES;
				GCC_WARN_ABOUT_RETURN_TYPE = YES_ERROR;
				GCC_WARN_UNDECLARED_SELECTOR = YES;
				GCC_WARN_UNINITIALIZED_AUTOS = YES_AGGRESSIVE;
				GCC_WARN_UNUSED_FUNCTION = YES;
				GCC_WARN_UNUSED_VARIABLE = YES;
				IPHONEOS_DEPLOYMENT_TARGET = 12.1;
				MTL_ENABLE_DEBUG_INFO = NO;
				MTL_FAST_MATH = YES;
				SDKROOT = iphoneos;
				SWIFT_COMPILATION_MODE = wholemodule;
				SWIFT_OPTIMIZATION_LEVEL = "-O";
				VALIDATE_PRODUCT = YES;
			};
			name = Release;
		};
		C65314A021EE7BBA0068609E /* Debug */ = {
			isa = XCBuildConfiguration;
			baseConfigurationReference = 6CD0CEBE8DE42AE61C6E36A5 /* Pods-FlappyRoyale.debug.xcconfig */;
			buildSettings = {
				ASSETCATALOG_COMPILER_APPICON_NAME = AppIcon;
				CLANG_ENABLE_MODULES = YES;
				CODE_SIGN_ENTITLEMENTS = FlappyRoyale/FlappyRoyale.entitlements;
				CODE_SIGN_IDENTITY = "iPhone Developer";
				CODE_SIGN_STYLE = Manual;
				CURRENT_PROJECT_VERSION = 23;
				DEVELOPMENT_TEAM = DL8L9H58NG;
				INFOPLIST_FILE = FlappyRoyale/Info.plist;
				IPHONEOS_DEPLOYMENT_TARGET = 11.0;
				LD_RUNPATH_SEARCH_PATHS = (
					"$(inherited)",
					"@executable_path/Frameworks",
				);
				PRODUCT_BUNDLE_IDENTIFIER = io.flappyroyale.prod;
				PRODUCT_NAME = "$(TARGET_NAME)";
				PROVISIONING_PROFILE_SPECIFIER = "match Development io.flappyroyale.prod";
				SWIFT_OBJC_BRIDGING_HEADER = "FlappyRoyale-Bridging-Header.h";
				SWIFT_OPTIMIZATION_LEVEL = "-Onone";
				SWIFT_VERSION = 4.2;
				TARGETED_DEVICE_FAMILY = 1;
				VERSIONING_SYSTEM = "apple-generic";
			};
			name = Debug;
		};
		C65314A121EE7BBA0068609E /* Release */ = {
			isa = XCBuildConfiguration;
			baseConfigurationReference = 6D1BFD9413EA68359D30A410 /* Pods-FlappyRoyale.release.xcconfig */;
			buildSettings = {
				ASSETCATALOG_COMPILER_APPICON_NAME = AppIcon;
				CLANG_ENABLE_MODULES = YES;
				CODE_SIGN_ENTITLEMENTS = FlappyRoyale/FlappyRoyale.entitlements;
				CODE_SIGN_IDENTITY = "iPhone Distribution";
				CODE_SIGN_STYLE = Manual;
				CURRENT_PROJECT_VERSION = 23;
				DEVELOPMENT_TEAM = DL8L9H58NG;
				INFOPLIST_FILE = FlappyRoyale/Info.plist;
				IPHONEOS_DEPLOYMENT_TARGET = 11.0;
				LD_RUNPATH_SEARCH_PATHS = (
					"$(inherited)",
					"@executable_path/Frameworks",
				);
				PRODUCT_BUNDLE_IDENTIFIER = io.flappyroyale.prod;
				PRODUCT_NAME = "$(TARGET_NAME)";
				PROVISIONING_PROFILE_SPECIFIER = "match AppStore io.flappyroyale.prod";
				SWIFT_OBJC_BRIDGING_HEADER = "FlappyRoyale-Bridging-Header.h";
				SWIFT_VERSION = 4.2;
				TARGETED_DEVICE_FAMILY = 1;
				VERSIONING_SYSTEM = "apple-generic";
			};
			name = Release;
		};
		C6557C4822BA3EF300F78E06 /* Debug */ = {
			isa = XCBuildConfiguration;
			buildSettings = {
				CODE_SIGN_STYLE = Automatic;
				DEVELOPMENT_TEAM = 48WB56AE4K;
				INFOPLIST_FILE = FlappyRoyaleUITests/Info.plist;
				IPHONEOS_DEPLOYMENT_TARGET = 12.2;
				LD_RUNPATH_SEARCH_PATHS = (
					"$(inherited)",
					"@executable_path/Frameworks",
					"@loader_path/Frameworks",
				);
				PRODUCT_BUNDLE_IDENTIFIER = lazerwalker.FlappyRoyaleUITests;
				PRODUCT_NAME = "$(TARGET_NAME)";
				SWIFT_VERSION = 4.2;
				TARGETED_DEVICE_FAMILY = "1,2";
				TEST_TARGET_NAME = FlappyRoyale;
			};
			name = Debug;
		};
		C6557C4922BA3EF300F78E06 /* Release */ = {
			isa = XCBuildConfiguration;
			buildSettings = {
				CODE_SIGN_STYLE = Automatic;
				DEVELOPMENT_TEAM = 48WB56AE4K;
				INFOPLIST_FILE = FlappyRoyaleUITests/Info.plist;
				IPHONEOS_DEPLOYMENT_TARGET = 12.2;
				LD_RUNPATH_SEARCH_PATHS = (
					"$(inherited)",
					"@executable_path/Frameworks",
					"@loader_path/Frameworks",
				);
				PRODUCT_BUNDLE_IDENTIFIER = lazerwalker.FlappyRoyaleUITests;
				PRODUCT_NAME = "$(TARGET_NAME)";
				SWIFT_VERSION = 4.2;
				TARGETED_DEVICE_FAMILY = "1,2";
				TEST_TARGET_NAME = FlappyRoyale;
			};
			name = Release;
		};
		C6BA851822BE7AE500BCBCC6 /* Debug */ = {
			isa = XCBuildConfiguration;
			baseConfigurationReference = 2F3F98C88D6A309221A5D051 /* Pods-Flappy Dev.debug.xcconfig */;
			buildSettings = {
				ASSETCATALOG_COMPILER_APPICON_NAME = AppIcon;
				CLANG_ENABLE_MODULES = YES;
				CODE_SIGN_ENTITLEMENTS = "Flappy Dev.entitlements";
				CODE_SIGN_IDENTITY = "iPhone Developer";
				CODE_SIGN_STYLE = Automatic;
				DEVELOPMENT_TEAM = 48WB56AE4K;
				INFOPLIST_FILE = "FlappyRoyale copy-Info.plist";
				IPHONEOS_DEPLOYMENT_TARGET = 11.0;
				LD_RUNPATH_SEARCH_PATHS = (
					"$(inherited)",
					"@executable_path/Frameworks",
				);
				PRODUCT_BUNDLE_IDENTIFIER = com.lazerwalker.FlappyRoyale;
				PRODUCT_NAME = "$(TARGET_NAME)";
				PROVISIONING_PROFILE_SPECIFIER = "";
				SWIFT_OBJC_BRIDGING_HEADER = "FlappyRoyale-Bridging-Header.h";
				SWIFT_OPTIMIZATION_LEVEL = "-Onone";
				SWIFT_VERSION = 4.2;
				TARGETED_DEVICE_FAMILY = 1;
			};
			name = Debug;
		};
		C6BA851922BE7AE500BCBCC6 /* Release */ = {
			isa = XCBuildConfiguration;
			baseConfigurationReference = 264E7274F9B9BF5130647ACC /* Pods-Flappy Dev.release.xcconfig */;
			buildSettings = {
				ASSETCATALOG_COMPILER_APPICON_NAME = AppIcon;
				CLANG_ENABLE_MODULES = YES;
				CODE_SIGN_ENTITLEMENTS = "Flappy Dev.entitlements";
				CODE_SIGN_IDENTITY = "iPhone Developer";
				CODE_SIGN_STYLE = Automatic;
				DEVELOPMENT_TEAM = 48WB56AE4K;
				INFOPLIST_FILE = "FlappyRoyale copy-Info.plist";
				IPHONEOS_DEPLOYMENT_TARGET = 11.0;
				LD_RUNPATH_SEARCH_PATHS = (
					"$(inherited)",
					"@executable_path/Frameworks",
				);
				PRODUCT_BUNDLE_IDENTIFIER = com.lazerwalker.FlappyRoyale;
				PRODUCT_NAME = "$(TARGET_NAME)";
				PROVISIONING_PROFILE_SPECIFIER = "";
				SWIFT_OBJC_BRIDGING_HEADER = "FlappyRoyale-Bridging-Header.h";
				SWIFT_VERSION = 4.2;
				TARGETED_DEVICE_FAMILY = 1;
			};
			name = Release;
		};
/* End XCBuildConfiguration section */

/* Begin XCConfigurationList section */
		C653148821EE7BB80068609E /* Build configuration list for PBXProject "FlappyRoyale" */ = {
			isa = XCConfigurationList;
			buildConfigurations = (
				C653149D21EE7BBA0068609E /* Debug */,
				C653149E21EE7BBA0068609E /* Release */,
			);
			defaultConfigurationIsVisible = 0;
			defaultConfigurationName = Release;
		};
		C653149F21EE7BBA0068609E /* Build configuration list for PBXNativeTarget "FlappyRoyale" */ = {
			isa = XCConfigurationList;
			buildConfigurations = (
				C65314A021EE7BBA0068609E /* Debug */,
				C65314A121EE7BBA0068609E /* Release */,
			);
			defaultConfigurationIsVisible = 0;
			defaultConfigurationName = Release;
		};
		C6557C4A22BA3EF300F78E06 /* Build configuration list for PBXNativeTarget "FlappyRoyaleUITests" */ = {
			isa = XCConfigurationList;
			buildConfigurations = (
				C6557C4822BA3EF300F78E06 /* Debug */,
				C6557C4922BA3EF300F78E06 /* Release */,
			);
			defaultConfigurationIsVisible = 0;
			defaultConfigurationName = Release;
		};
		C6BA851722BE7AE500BCBCC6 /* Build configuration list for PBXNativeTarget "Flappy Dev" */ = {
			isa = XCConfigurationList;
			buildConfigurations = (
				C6BA851822BE7AE500BCBCC6 /* Debug */,
				C6BA851922BE7AE500BCBCC6 /* Release */,
			);
			defaultConfigurationIsVisible = 0;
			defaultConfigurationName = Release;
		};
/* End XCConfigurationList section */
	};
	rootObject = C653148521EE7BB80068609E /* Project object */;
}
