// !$*UTF8*$!
{
	archiveVersion = 1;
	classes = {
	};
	objectVersion = 51;
	objects = {

/* Begin PBXBuildFile section */
		127243B3B042825660633491 /* Pods_FlappyRoyale.framework in Frameworks */ = {isa = PBXBuildFile; fileRef = F4D29A2DC207E9AB7FEB15EF /* Pods_FlappyRoyale.framework */; };
		6067812822AB0A830036A5FC /* AdConstants.swift in Sources */ = {isa = PBXBuildFile; fileRef = 6067812722AB0A830036A5FC /* AdConstants.swift */; };
		6067813322AC81F90036A5FC /* Fipps-Regular.otf in Resources */ = {isa = PBXBuildFile; fileRef = 6067813222AC81F80036A5FC /* Fipps-Regular.otf */; };
		C626522022AA9C1400720FE0 /* HapticManager.swift in Sources */ = {isa = PBXBuildFile; fileRef = C626521F22AA9C1400720FE0 /* HapticManager.swift */; };
		C626522222AA9CDD00720FE0 /* WebViewInteropProvider.swift in Sources */ = {isa = PBXBuildFile; fileRef = C626522122AA9CDD00720FE0 /* WebViewInteropProvider.swift */; };
		C626522622AAA1C100720FE0 /* JS in Resources */ = {isa = PBXBuildFile; fileRef = C626522522AAA1C100720FE0 /* JS */; };
		C637388422A874B700E5A33D /* GoogleService-Info.plist in Resources */ = {isa = PBXBuildFile; fileRef = C637388322A874B700E5A33D /* GoogleService-Info.plist */; };
		C653149121EE7BB80068609E /* AppDelegate.swift in Sources */ = {isa = PBXBuildFile; fileRef = C653149021EE7BB80068609E /* AppDelegate.swift */; };
		C653149321EE7BB80068609E /* ViewController.swift in Sources */ = {isa = PBXBuildFile; fileRef = C653149221EE7BB80068609E /* ViewController.swift */; };
		C653149621EE7BB80068609E /* Main.storyboard in Resources */ = {isa = PBXBuildFile; fileRef = C653149421EE7BB80068609E /* Main.storyboard */; };
		C653149821EE7BBA0068609E /* Assets.xcassets in Resources */ = {isa = PBXBuildFile; fileRef = C653149721EE7BBA0068609E /* Assets.xcassets */; };
		C653149B21EE7BBA0068609E /* LaunchScreen.storyboard in Resources */ = {isa = PBXBuildFile; fileRef = C653149921EE7BBA0068609E /* LaunchScreen.storyboard */; };
/* End PBXBuildFile section */

/* Begin PBXFileReference section */
		6067812722AB0A830036A5FC /* AdConstants.swift */ = {isa = PBXFileReference; lastKnownFileType = sourcecode.swift; name = AdConstants.swift; path = ../../assets/config/AdConstants.swift; sourceTree = "<group>"; };
		6067812922AB29B70036A5FC /* FlappyRoyale-Bridging-Header.h */ = {isa = PBXFileReference; lastKnownFileType = sourcecode.c.h; path = "FlappyRoyale-Bridging-Header.h"; sourceTree = "<group>"; };
		6067813222AC81F80036A5FC /* Fipps-Regular.otf */ = {isa = PBXFileReference; lastKnownFileType = file; path = "Fipps-Regular.otf"; sourceTree = "<group>"; };
		8B53B032F43E6EF6F59E6346 /* Pods-FlappyRoyale.debug.xcconfig */ = {isa = PBXFileReference; includeInIndex = 1; lastKnownFileType = text.xcconfig; name = "Pods-FlappyRoyale.debug.xcconfig"; path = "Target Support Files/Pods-FlappyRoyale/Pods-FlappyRoyale.debug.xcconfig"; sourceTree = "<group>"; };
		C626521F22AA9C1400720FE0 /* HapticManager.swift */ = {isa = PBXFileReference; lastKnownFileType = sourcecode.swift; path = HapticManager.swift; sourceTree = "<group>"; };
		C626522122AA9CDD00720FE0 /* WebViewInteropProvider.swift */ = {isa = PBXFileReference; lastKnownFileType = sourcecode.swift; path = WebViewInteropProvider.swift; sourceTree = "<group>"; };
		C626522522AAA1C100720FE0 /* JS */ = {isa = PBXFileReference; lastKnownFileType = folder; path = JS; sourceTree = "<group>"; };
		C637388322A874B700E5A33D /* GoogleService-Info.plist */ = {isa = PBXFileReference; fileEncoding = 4; lastKnownFileType = text.plist.xml; name = "GoogleService-Info.plist"; path = "../../assets/config/GoogleService-Info.plist"; sourceTree = "<group>"; };
		C653148D21EE7BB80068609E /* FlappyRoyale.app */ = {isa = PBXFileReference; explicitFileType = wrapper.application; includeInIndex = 0; path = FlappyRoyale.app; sourceTree = BUILT_PRODUCTS_DIR; };
		C653149021EE7BB80068609E /* AppDelegate.swift */ = {isa = PBXFileReference; lastKnownFileType = sourcecode.swift; path = AppDelegate.swift; sourceTree = "<group>"; };
		C653149221EE7BB80068609E /* ViewController.swift */ = {isa = PBXFileReference; lastKnownFileType = sourcecode.swift; path = ViewController.swift; sourceTree = "<group>"; };
		C653149521EE7BB80068609E /* Base */ = {isa = PBXFileReference; lastKnownFileType = file.storyboard; name = Base; path = Base.lproj/Main.storyboard; sourceTree = "<group>"; };
		C653149721EE7BBA0068609E /* Assets.xcassets */ = {isa = PBXFileReference; lastKnownFileType = folder.assetcatalog; path = Assets.xcassets; sourceTree = "<group>"; };
		C653149A21EE7BBA0068609E /* Base */ = {isa = PBXFileReference; lastKnownFileType = file.storyboard; name = Base; path = Base.lproj/LaunchScreen.storyboard; sourceTree = "<group>"; };
		C653149C21EE7BBA0068609E /* Info.plist */ = {isa = PBXFileReference; lastKnownFileType = text.plist.xml; path = Info.plist; sourceTree = "<group>"; };
		E934DCF54BFC91DD5DFDCCA0 /* Pods-FlappyRoyale.release.xcconfig */ = {isa = PBXFileReference; includeInIndex = 1; lastKnownFileType = text.xcconfig; name = "Pods-FlappyRoyale.release.xcconfig"; path = "Target Support Files/Pods-FlappyRoyale/Pods-FlappyRoyale.release.xcconfig"; sourceTree = "<group>"; };
		F4D29A2DC207E9AB7FEB15EF /* Pods_FlappyRoyale.framework */ = {isa = PBXFileReference; explicitFileType = wrapper.framework; includeInIndex = 0; path = Pods_FlappyRoyale.framework; sourceTree = BUILT_PRODUCTS_DIR; };
/* End PBXFileReference section */

/* Begin PBXFrameworksBuildPhase section */
		C653148A21EE7BB80068609E /* Frameworks */ = {
			isa = PBXFrameworksBuildPhase;
			buildActionMask = 2147483647;
			files = (
				127243B3B042825660633491 /* Pods_FlappyRoyale.framework in Frameworks */,
			);
			runOnlyForDeploymentPostprocessing = 0;
		};
/* End PBXFrameworksBuildPhase section */

/* Begin PBXGroup section */
		116FE70DA20A244CB108EBBA /* Frameworks */ = {
			isa = PBXGroup;
			children = (
				F4D29A2DC207E9AB7FEB15EF /* Pods_FlappyRoyale.framework */,
			);
			name = Frameworks;
			sourceTree = "<group>";
		};
		B8CE5A8B137FCA8B62F8579A /* Pods */ = {
			isa = PBXGroup;
			children = (
				8B53B032F43E6EF6F59E6346 /* Pods-FlappyRoyale.debug.xcconfig */,
				E934DCF54BFC91DD5DFDCCA0 /* Pods-FlappyRoyale.release.xcconfig */,
			);
			path = Pods;
			sourceTree = "<group>";
		};
		C653148421EE7BB80068609E = {
			isa = PBXGroup;
			children = (
				C653148F21EE7BB80068609E /* FlappyRoyale */,
				C653148E21EE7BB80068609E /* Products */,
				B8CE5A8B137FCA8B62F8579A /* Pods */,
				116FE70DA20A244CB108EBBA /* Frameworks */,
				6067812922AB29B70036A5FC /* FlappyRoyale-Bridging-Header.h */,
			);
			sourceTree = "<group>";
		};
		C653148E21EE7BB80068609E /* Products */ = {
			isa = PBXGroup;
			children = (
				C653148D21EE7BB80068609E /* FlappyRoyale.app */,
			);
			name = Products;
			sourceTree = "<group>";
		};
		C653148F21EE7BB80068609E /* FlappyRoyale */ = {
			isa = PBXGroup;
			children = (
				C626522522AAA1C100720FE0 /* JS */,
				C637388322A874B700E5A33D /* GoogleService-Info.plist */,
				C653149021EE7BB80068609E /* AppDelegate.swift */,
				C653149221EE7BB80068609E /* ViewController.swift */,
				C653149421EE7BB80068609E /* Main.storyboard */,
				6067813222AC81F80036A5FC /* Fipps-Regular.otf */,
				C653149721EE7BBA0068609E /* Assets.xcassets */,
				C653149921EE7BBA0068609E /* LaunchScreen.storyboard */,
				C653149C21EE7BBA0068609E /* Info.plist */,
				C626521F22AA9C1400720FE0 /* HapticManager.swift */,
				C626522122AA9CDD00720FE0 /* WebViewInteropProvider.swift */,
				6067812722AB0A830036A5FC /* AdConstants.swift */,
			);
			path = FlappyRoyale;
			sourceTree = "<group>";
		};
/* End PBXGroup section */

/* Begin PBXNativeTarget section */
		C653148C21EE7BB80068609E /* FlappyRoyale */ = {
			isa = PBXNativeTarget;
			buildConfigurationList = C653149F21EE7BBA0068609E /* Build configuration list for PBXNativeTarget "FlappyRoyale" */;
			buildPhases = (
				8CC3D1ADBB339E14D5E2F3CD /* [CP] Check Pods Manifest.lock */,
				C653148921EE7BB80068609E /* Sources */,
				C653148A21EE7BB80068609E /* Frameworks */,
				C653148B21EE7BB80068609E /* Resources */,
				235ADA88CE1C70AE4F63766B /* [CP] Embed Pods Frameworks */,
			);
			buildRules = (
			);
			dependencies = (
			);
			name = FlappyRoyale;
			productName = Gorli;
			productReference = C653148D21EE7BB80068609E /* FlappyRoyale.app */;
			productType = "com.apple.product-type.application";
		};
/* End PBXNativeTarget section */

/* Begin PBXProject section */
		C653148521EE7BB80068609E /* Project object */ = {
			isa = PBXProject;
			attributes = {
				LastSwiftUpdateCheck = 1010;
				LastUpgradeCheck = 1010;
				ORGANIZATIONNAME = "Mike Lazer-Walker";
				TargetAttributes = {
					C653148C21EE7BB80068609E = {
						CreatedOnToolsVersion = 10.1;
						LastSwiftMigration = 1020;
					};
				};
			};
			buildConfigurationList = C653148821EE7BB80068609E /* Build configuration list for PBXProject "FlappyRoyale" */;
			compatibilityVersion = "Xcode 9.3";
			developmentRegion = en;
			hasScannedForEncodings = 0;
			knownRegions = (
				en,
				Base,
			);
			mainGroup = C653148421EE7BB80068609E;
			productRefGroup = C653148E21EE7BB80068609E /* Products */;
			projectDirPath = "";
			projectRoot = "";
			targets = (
				C653148C21EE7BB80068609E /* FlappyRoyale */,
			);
		};
/* End PBXProject section */

/* Begin PBXResourcesBuildPhase section */
		C653148B21EE7BB80068609E /* Resources */ = {
			isa = PBXResourcesBuildPhase;
			buildActionMask = 2147483647;
			files = (
				C626522622AAA1C100720FE0 /* JS in Resources */,
				C653149B21EE7BBA0068609E /* LaunchScreen.storyboard in Resources */,
				C637388422A874B700E5A33D /* GoogleService-Info.plist in Resources */,
				6067813322AC81F90036A5FC /* Fipps-Regular.otf in Resources */,
				C653149821EE7BBA0068609E /* Assets.xcassets in Resources */,
				C653149621EE7BB80068609E /* Main.storyboard in Resources */,
			);
			runOnlyForDeploymentPostprocessing = 0;
		};
/* End PBXResourcesBuildPhase section */

/* Begin PBXShellScriptBuildPhase section */
		235ADA88CE1C70AE4F63766B /* [CP] Embed Pods Frameworks */ = {
			isa = PBXShellScriptBuildPhase;
			buildActionMask = 2147483647;
			files = (
			);
			inputFileListPaths = (
				"${PODS_ROOT}/Target Support Files/Pods-FlappyRoyale/Pods-FlappyRoyale-frameworks-${CONFIGURATION}-input-files.xcfilelist",
			);
			name = "[CP] Embed Pods Frameworks";
			outputFileListPaths = (
				"${PODS_ROOT}/Target Support Files/Pods-FlappyRoyale/Pods-FlappyRoyale-frameworks-${CONFIGURATION}-output-files.xcfilelist",
			);
			runOnlyForDeploymentPostprocessing = 0;
			shellPath = /bin/sh;
			shellScript = "\"${PODS_ROOT}/Target Support Files/Pods-FlappyRoyale/Pods-FlappyRoyale-frameworks.sh\"\n";
			showEnvVarsInLog = 0;
		};
		8CC3D1ADBB339E14D5E2F3CD /* [CP] Check Pods Manifest.lock */ = {
			isa = PBXShellScriptBuildPhase;
			buildActionMask = 2147483647;
			files = (
			);
			inputFileListPaths = (
			);
			inputPaths = (
				"${PODS_PODFILE_DIR_PATH}/Podfile.lock",
				"${PODS_ROOT}/Manifest.lock",
			);
			name = "[CP] Check Pods Manifest.lock";
			outputFileListPaths = (
			);
			outputPaths = (
				"$(DERIVED_FILE_DIR)/Pods-FlappyRoyale-checkManifestLockResult.txt",
			);
			runOnlyForDeploymentPostprocessing = 0;
			shellPath = /bin/sh;
			shellScript = "diff \"${PODS_PODFILE_DIR_PATH}/Podfile.lock\" \"${PODS_ROOT}/Manifest.lock\" > /dev/null\nif [ $? != 0 ] ; then\n    # print error to STDERR\n    echo \"error: The sandbox is not in sync with the Podfile.lock. Run 'pod install' or update your CocoaPods installation.\" >&2\n    exit 1\nfi\n# This output is used by Xcode 'outputs' to avoid re-running this script phase.\necho \"SUCCESS\" > \"${SCRIPT_OUTPUT_FILE_0}\"\n";
			showEnvVarsInLog = 0;
		};
/* End PBXShellScriptBuildPhase section */

/* Begin PBXSourcesBuildPhase section */
		C653148921EE7BB80068609E /* Sources */ = {
			isa = PBXSourcesBuildPhase;
			buildActionMask = 2147483647;
			files = (
				C626522222AA9CDD00720FE0 /* WebViewInteropProvider.swift in Sources */,
				6067812822AB0A830036A5FC /* AdConstants.swift in Sources */,
				C653149321EE7BB80068609E /* ViewController.swift in Sources */,
				C626522022AA9C1400720FE0 /* HapticManager.swift in Sources */,
				C653149121EE7BB80068609E /* AppDelegate.swift in Sources */,
			);
			runOnlyForDeploymentPostprocessing = 0;
		};
/* End PBXSourcesBuildPhase section */

/* Begin PBXVariantGroup section */
		C653149421EE7BB80068609E /* Main.storyboard */ = {
			isa = PBXVariantGroup;
			children = (
				C653149521EE7BB80068609E /* Base */,
			);
			name = Main.storyboard;
			sourceTree = "<group>";
		};
		C653149921EE7BBA0068609E /* LaunchScreen.storyboard */ = {
			isa = PBXVariantGroup;
			children = (
				C653149A21EE7BBA0068609E /* Base */,
			);
			name = LaunchScreen.storyboard;
			sourceTree = "<group>";
		};
/* End PBXVariantGroup section */

/* Begin XCBuildConfiguration section */
		C653149D21EE7BBA0068609E /* Debug */ = {
			isa = XCBuildConfiguration;
			buildSettings = {
				ALWAYS_SEARCH_USER_PATHS = NO;
				CLANG_ANALYZER_NONNULL = YES;
				CLANG_ANALYZER_NUMBER_OBJECT_CONVERSION = YES_AGGRESSIVE;
				CLANG_CXX_LANGUAGE_STANDARD = "gnu++14";
				CLANG_CXX_LIBRARY = "libc++";
				CLANG_ENABLE_MODULES = YES;
				CLANG_ENABLE_OBJC_ARC = YES;
				CLANG_ENABLE_OBJC_WEAK = YES;
				CLANG_WARN_BLOCK_CAPTURE_AUTORELEASING = YES;
				CLANG_WARN_BOOL_CONVERSION = YES;
				CLANG_WARN_COMMA = YES;
				CLANG_WARN_CONSTANT_CONVERSION = YES;
				CLANG_WARN_DEPRECATED_OBJC_IMPLEMENTATIONS = YES;
				CLANG_WARN_DIRECT_OBJC_ISA_USAGE = YES_ERROR;
				CLANG_WARN_DOCUMENTATION_COMMENTS = YES;
				CLANG_WARN_EMPTY_BODY = YES;
				CLANG_WARN_ENUM_CONVERSION = YES;
				CLANG_WARN_INFINITE_RECURSION = YES;
				CLANG_WARN_INT_CONVERSION = YES;
				CLANG_WARN_NON_LITERAL_NULL_CONVERSION = YES;
				CLANG_WARN_OBJC_IMPLICIT_RETAIN_SELF = YES;
				CLANG_WARN_OBJC_LITERAL_CONVERSION = YES;
				CLANG_WARN_OBJC_ROOT_CLASS = YES_ERROR;
				CLANG_WARN_RANGE_LOOP_ANALYSIS = YES;
				CLANG_WARN_STRICT_PROTOTYPES = YES;
				CLANG_WARN_SUSPICIOUS_MOVE = YES;
				CLANG_WARN_UNGUARDED_AVAILABILITY = YES_AGGRESSIVE;
				CLANG_WARN_UNREACHABLE_CODE = YES;
				CLANG_WARN__DUPLICATE_METHOD_MATCH = YES;
				CODE_SIGN_IDENTITY = "iPhone Developer";
				COPY_PHASE_STRIP = NO;
				DEBUG_INFORMATION_FORMAT = dwarf;
				ENABLE_STRICT_OBJC_MSGSEND = YES;
				ENABLE_TESTABILITY = YES;
				GCC_C_LANGUAGE_STANDARD = gnu11;
				GCC_DYNAMIC_NO_PIC = NO;
				GCC_NO_COMMON_BLOCKS = YES;
				GCC_OPTIMIZATION_LEVEL = 0;
				GCC_PREPROCESSOR_DEFINITIONS = (
					"DEBUG=1",
					"$(inherited)",
				);
				GCC_WARN_64_TO_32_BIT_CONVERSION = YES;
				GCC_WARN_ABOUT_RETURN_TYPE = YES_ERROR;
				GCC_WARN_UNDECLARED_SELECTOR = YES;
				GCC_WARN_UNINITIALIZED_AUTOS = YES_AGGRESSIVE;
				GCC_WARN_UNUSED_FUNCTION = YES;
				GCC_WARN_UNUSED_VARIABLE = YES;
				IPHONEOS_DEPLOYMENT_TARGET = 12.1;
				MTL_ENABLE_DEBUG_INFO = INCLUDE_SOURCE;
				MTL_FAST_MATH = YES;
				ONLY_ACTIVE_ARCH = YES;
				SDKROOT = iphoneos;
				SWIFT_ACTIVE_COMPILATION_CONDITIONS = DEBUG;
				SWIFT_OPTIMIZATION_LEVEL = "-Onone";
			};
			name = Debug;
		};
		C653149E21EE7BBA0068609E /* Release */ = {
			isa = XCBuildConfiguration;
			buildSettings = {
				ALWAYS_SEARCH_USER_PATHS = NO;
				CLANG_ANALYZER_NONNULL = YES;
				CLANG_ANALYZER_NUMBER_OBJECT_CONVERSION = YES_AGGRESSIVE;
				CLANG_CXX_LANGUAGE_STANDARD = "gnu++14";
				CLANG_CXX_LIBRARY = "libc++";
				CLANG_ENABLE_MODULES = YES;
				CLANG_ENABLE_OBJC_ARC = YES;
				CLANG_ENABLE_OBJC_WEAK = YES;
				CLANG_WARN_BLOCK_CAPTURE_AUTORELEASING = YES;
				CLANG_WARN_BOOL_CONVERSION = YES;
				CLANG_WARN_COMMA = YES;
				CLANG_WARN_CONSTANT_CONVERSION = YES;
				CLANG_WARN_DEPRECATED_OBJC_IMPLEMENTATIONS = YES;
				CLANG_WARN_DIRECT_OBJC_ISA_USAGE = YES_ERROR;
				CLANG_WARN_DOCUMENTATION_COMMENTS = YES;
				CLANG_WARN_EMPTY_BODY = YES;
				CLANG_WARN_ENUM_CONVERSION = YES;
				CLANG_WARN_INFINITE_RECURSION = YES;
				CLANG_WARN_INT_CONVERSION = YES;
				CLANG_WARN_NON_LITERAL_NULL_CONVERSION = YES;
				CLANG_WARN_OBJC_IMPLICIT_RETAIN_SELF = YES;
				CLANG_WARN_OBJC_LITERAL_CONVERSION = YES;
				CLANG_WARN_OBJC_ROOT_CLASS = YES_ERROR;
				CLANG_WARN_RANGE_LOOP_ANALYSIS = YES;
				CLANG_WARN_STRICT_PROTOTYPES = YES;
				CLANG_WARN_SUSPICIOUS_MOVE = YES;
				CLANG_WARN_UNGUARDED_AVAILABILITY = YES_AGGRESSIVE;
				CLANG_WARN_UNREACHABLE_CODE = YES;
				CLANG_WARN__DUPLICATE_METHOD_MATCH = YES;
				CODE_SIGN_IDENTITY = "iPhone Developer";
				COPY_PHASE_STRIP = NO;
				DEBUG_INFORMATION_FORMAT = "dwarf-with-dsym";
				ENABLE_NS_ASSERTIONS = NO;
				ENABLE_STRICT_OBJC_MSGSEND = YES;
				GCC_C_LANGUAGE_STANDARD = gnu11;
				GCC_NO_COMMON_BLOCKS = YES;
				GCC_WARN_64_TO_32_BIT_CONVERSION = YES;
				GCC_WARN_ABOUT_RETURN_TYPE = YES_ERROR;
				GCC_WARN_UNDECLARED_SELECTOR = YES;
				GCC_WARN_UNINITIALIZED_AUTOS = YES_AGGRESSIVE;
				GCC_WARN_UNUSED_FUNCTION = YES;
				GCC_WARN_UNUSED_VARIABLE = YES;
				IPHONEOS_DEPLOYMENT_TARGET = 12.1;
				MTL_ENABLE_DEBUG_INFO = NO;
				MTL_FAST_MATH = YES;
				SDKROOT = iphoneos;
				SWIFT_COMPILATION_MODE = wholemodule;
				SWIFT_OPTIMIZATION_LEVEL = "-O";
				VALIDATE_PRODUCT = YES;
			};
			name = Release;
		};
		C65314A021EE7BBA0068609E /* Debug */ = {
			isa = XCBuildConfiguration;
			baseConfigurationReference = 8B53B032F43E6EF6F59E6346 /* Pods-FlappyRoyale.debug.xcconfig */;
			buildSettings = {
				ASSETCATALOG_COMPILER_APPICON_NAME = AppIcon;
				CLANG_ENABLE_MODULES = YES;
				CODE_SIGN_IDENTITY = "iPhone Developer";
				CODE_SIGN_STYLE = Automatic;
				DEVELOPMENT_TEAM = DL8L9H58NG;
				INFOPLIST_FILE = FlappyRoyale/Info.plist;
				IPHONEOS_DEPLOYMENT_TARGET = 10.0;
				LD_RUNPATH_SEARCH_PATHS = (
					"$(inherited)",
					"@executable_path/Frameworks",
				);
				PRODUCT_BUNDLE_IDENTIFIER = com.lazerwalker.Flappy;
				PRODUCT_NAME = "$(TARGET_NAME)";
				PROVISIONING_PROFILE_SPECIFIER = "";
				SWIFT_OBJC_BRIDGING_HEADER = "FlappyRoyale-Bridging-Header.h";
				SWIFT_OPTIMIZATION_LEVEL = "-Onone";
				SWIFT_VERSION = 4.2;
				TARGETED_DEVICE_FAMILY = 1;
			};
			name = Debug;
		};
		C65314A121EE7BBA0068609E /* Release */ = {
			isa = XCBuildConfiguration;
			baseConfigurationReference = E934DCF54BFC91DD5DFDCCA0 /* Pods-FlappyRoyale.release.xcconfig */;
			buildSettings = {
				ASSETCATALOG_COMPILER_APPICON_NAME = AppIcon;
				CLANG_ENABLE_MODULES = YES;
				CODE_SIGN_IDENTITY = "iPhone Developer";
				CODE_SIGN_STYLE = Automatic;
				DEVELOPMENT_TEAM = DL8L9H58NG;
				INFOPLIST_FILE = FlappyRoyale/Info.plist;
				IPHONEOS_DEPLOYMENT_TARGET = 10.0;
				LD_RUNPATH_SEARCH_PATHS = (
					"$(inherited)",
					"@executable_path/Frameworks",
				);
				PRODUCT_BUNDLE_IDENTIFIER = com.lazerwalker.Flappy;
				PRODUCT_NAME = "$(TARGET_NAME)";
				PROVISIONING_PROFILE_SPECIFIER = "";
				SWIFT_OBJC_BRIDGING_HEADER = "FlappyRoyale-Bridging-Header.h";
				SWIFT_VERSION = 4.2;
				TARGETED_DEVICE_FAMILY = 1;
			};
			name = Release;
		};
/* End XCBuildConfiguration section */

/* Begin XCConfigurationList section */
		C653148821EE7BB80068609E /* Build configuration list for PBXProject "FlappyRoyale" */ = {
			isa = XCConfigurationList;
			buildConfigurations = (
				C653149D21EE7BBA0068609E /* Debug */,
				C653149E21EE7BBA0068609E /* Release */,
			);
			defaultConfigurationIsVisible = 0;
			defaultConfigurationName = Release;
		};
		C653149F21EE7BBA0068609E /* Build configuration list for PBXNativeTarget "FlappyRoyale" */ = {
			isa = XCConfigurationList;
			buildConfigurations = (
				C65314A021EE7BBA0068609E /* Debug */,
				C65314A121EE7BBA0068609E /* Release */,
			);
			defaultConfigurationIsVisible = 0;
			defaultConfigurationName = Release;
		};
/* End XCConfigurationList section */
	};
	rootObject = C653148521EE7BB80068609E /* Project object */;
}
